
Microsoft Visual Studio Solution File, Format Version 12.00
# Visual Studio 14
VisualStudioVersion = 14.0.25420.1
MinimumVisualStudioVersion = 10.0.40219.1
Project("{FAE04EC0-301F-11D3-BF4B-00C04F79EFBC}") = "MotionSensorService", "Motion sensor\MotionSensorService.csproj", "{3CF16EAB-8FB7-4006-8AD5-29A8AEAB6D9A}"
EndProject
Project("{FAE04EC0-301F-11D3-BF4B-00C04F79EFBC}") = "MagicMirror", "WPF Client\MagicMirror.csproj", "{3F318C00-AABF-4F55-95DD-C517AF1A2079}"
EndProject
Project("{8BC9CEB8-8B4A-11D0-8D11-00A0C91BC942}") = "TemperatureSensorService", "TemperatureSensorService\TemperatureSensorService.vcxproj", "{79F97CBE-57FB-4AFD-B4D6-A6F0FC7B39FD}"
EndProject
Project("{FAE04EC0-301F-11D3-BF4B-00C04F79EFBC}") = "TemperatureSensorServiceWrapper", "TemperatureSensorServiceWrapper\TemperatureSensorServiceWrapper.csproj", "{5BE1A123-2DA8-43B4-ADCF-1DF06590D556}"
EndProject
Global
	GlobalSection(SolutionConfigurationPlatforms) = preSolution
		Debug|ARM = Debug|ARM
		Debug|x64 = Debug|x64
		Debug|x86 = Debug|x86
		Release|ARM = Release|ARM
		Release|x64 = Release|x64
		Release|x86 = Release|x86
	EndGlobalSection
	GlobalSection(ProjectConfigurationPlatforms) = postSolution
		{3CF16EAB-8FB7-4006-8AD5-29A8AEAB6D9A}.Debug|ARM.ActiveCfg = Debug|ARM
		{3CF16EAB-8FB7-4006-8AD5-29A8AEAB6D9A}.Debug|ARM.Build.0 = Debug|ARM
		{3CF16EAB-8FB7-4006-8AD5-29A8AEAB6D9A}.Debug|ARM.Deploy.0 = Debug|ARM
		{3CF16EAB-8FB7-4006-8AD5-29A8AEAB6D9A}.Debug|x64.ActiveCfg = Debug|x64
		{3CF16EAB-8FB7-4006-8AD5-29A8AEAB6D9A}.Debug|x64.Build.0 = Debug|x64
		{3CF16EAB-8FB7-4006-8AD5-29A8AEAB6D9A}.Debug|x64.Deploy.0 = Debug|x64
		{3CF16EAB-8FB7-4006-8AD5-29A8AEAB6D9A}.Debug|x86.ActiveCfg = Debug|x86
		{3CF16EAB-8FB7-4006-8AD5-29A8AEAB6D9A}.Debug|x86.Build.0 = Debug|x86
		{3CF16EAB-8FB7-4006-8AD5-29A8AEAB6D9A}.Debug|x86.Deploy.0 = Debug|x86
		{3CF16EAB-8FB7-4006-8AD5-29A8AEAB6D9A}.Release|ARM.ActiveCfg = Release|ARM
		{3CF16EAB-8FB7-4006-8AD5-29A8AEAB6D9A}.Release|ARM.Build.0 = Release|ARM
		{3CF16EAB-8FB7-4006-8AD5-29A8AEAB6D9A}.Release|x64.ActiveCfg = Release|x64
		{3CF16EAB-8FB7-4006-8AD5-29A8AEAB6D9A}.Release|x64.Build.0 = Release|x64
		{3CF16EAB-8FB7-4006-8AD5-29A8AEAB6D9A}.Release|x64.Deploy.0 = Release|x64
		{3CF16EAB-8FB7-4006-8AD5-29A8AEAB6D9A}.Release|x86.ActiveCfg = Release|x86
		{3CF16EAB-8FB7-4006-8AD5-29A8AEAB6D9A}.Release|x86.Build.0 = Release|x86
		{3CF16EAB-8FB7-4006-8AD5-29A8AEAB6D9A}.Release|x86.Deploy.0 = Release|x86
		{3F318C00-AABF-4F55-95DD-C517AF1A2079}.Debug|ARM.ActiveCfg = Debug|ARM
		{3F318C00-AABF-4F55-95DD-C517AF1A2079}.Debug|ARM.Build.0 = Debug|ARM
		{3F318C00-AABF-4F55-95DD-C517AF1A2079}.Debug|ARM.Deploy.0 = Debug|ARM
		{3F318C00-AABF-4F55-95DD-C517AF1A2079}.Debug|x64.ActiveCfg = Debug|x64
		{3F318C00-AABF-4F55-95DD-C517AF1A2079}.Debug|x64.Build.0 = Debug|x64
		{3F318C00-AABF-4F55-95DD-C517AF1A2079}.Debug|x64.Deploy.0 = Debug|x64
		{3F318C00-AABF-4F55-95DD-C517AF1A2079}.Debug|x86.ActiveCfg = Debug|x86
		{3F318C00-AABF-4F55-95DD-C517AF1A2079}.Debug|x86.Build.0 = Debug|x86
		{3F318C00-AABF-4F55-95DD-C517AF1A2079}.Debug|x86.Deploy.0 = Debug|x86
		{3F318C00-AABF-4F55-95DD-C517AF1A2079}.Release|ARM.ActiveCfg = Release|ARM
		{3F318C00-AABF-4F55-95DD-C517AF1A2079}.Release|ARM.Build.0 = Release|ARM
		{3F318C00-AABF-4F55-95DD-C517AF1A2079}.Release|ARM.Deploy.0 = Release|ARM
		{3F318C00-AABF-4F55-95DD-C517AF1A2079}.Release|x64.ActiveCfg = Release|x64
		{3F318C00-AABF-4F55-95DD-C517AF1A2079}.Release|x64.Build.0 = Release|x64
		{3F318C00-AABF-4F55-95DD-C517AF1A2079}.Release|x64.Deploy.0 = Release|x64
		{3F318C00-AABF-4F55-95DD-C517AF1A2079}.Release|x86.ActiveCfg = Release|x86
		{3F318C00-AABF-4F55-95DD-C517AF1A2079}.Release|x86.Build.0 = Release|x86
		{3F318C00-AABF-4F55-95DD-C517AF1A2079}.Release|x86.Deploy.0 = Release|x86
		{79F97CBE-57FB-4AFD-B4D6-A6F0FC7B39FD}.Debug|Any CPU.ActiveCfg = Debug|Win32
		{79F97CBE-57FB-4AFD-B4D6-A6F0FC7B39FD}.Debug|ARM.ActiveCfg = Debug|ARM
		{79F97CBE-57FB-4AFD-B4D6-A6F0FC7B39FD}.Debug|ARM.Build.0 = Debug|ARM
		{79F97CBE-57FB-4AFD-B4D6-A6F0FC7B39FD}.Debug|ARM.Deploy.0 = Debug|ARM
		{79F97CBE-57FB-4AFD-B4D6-A6F0FC7B39FD}.Debug|x64.ActiveCfg = Debug|x64
		{79F97CBE-57FB-4AFD-B4D6-A6F0FC7B39FD}.Debug|x64.Build.0 = Debug|x64
		{79F97CBE-57FB-4AFD-B4D6-A6F0FC7B39FD}.Debug|x86.ActiveCfg = Debug|Win32
		{79F97CBE-57FB-4AFD-B4D6-A6F0FC7B39FD}.Debug|x86.Build.0 = Debug|Win32
		{79F97CBE-57FB-4AFD-B4D6-A6F0FC7B39FD}.Release|Any CPU.ActiveCfg = Release|Win32
		{79F97CBE-57FB-4AFD-B4D6-A6F0FC7B39FD}.Release|ARM.ActiveCfg = Release|ARM
		{79F97CBE-57FB-4AFD-B4D6-A6F0FC7B39FD}.Release|ARM.Build.0 = Release|ARM
		{79F97CBE-57FB-4AFD-B4D6-A6F0FC7B39FD}.Release|x64.ActiveCfg = Release|x64
		{79F97CBE-57FB-4AFD-B4D6-A6F0FC7B39FD}.Release|x64.Build.0 = Release|x64
		{79F97CBE-57FB-4AFD-B4D6-A6F0FC7B39FD}.Release|x86.ActiveCfg = Release|Win32
		{79F97CBE-57FB-4AFD-B4D6-A6F0FC7B39FD}.Release|x86.Build.0 = Release|Win32
		{5BE1A123-2DA8-43B4-ADCF-1DF06590D556}.Debug|Any CPU.ActiveCfg = Debug|Any CPU
		{5BE1A123-2DA8-43B4-ADCF-1DF06590D556}.Debug|Any CPU.Build.0 = Debug|Any CPU
		{5BE1A123-2DA8-43B4-ADCF-1DF06590D556}.Debug|ARM.ActiveCfg = Debug|ARM
		{5BE1A123-2DA8-43B4-ADCF-1DF06590D556}.Debug|ARM.Build.0 = Debug|ARM
		{5BE1A123-2DA8-43B4-ADCF-1DF06590D556}.Debug|ARM.Deploy.0 = Debug|ARM
		{5BE1A123-2DA8-43B4-ADCF-1DF06590D556}.Debug|x64.ActiveCfg = Debug|x64
		{5BE1A123-2DA8-43B4-ADCF-1DF06590D556}.Debug|x64.Build.0 = Debug|x64
		{5BE1A123-2DA8-43B4-ADCF-1DF06590D556}.Debug|x86.ActiveCfg = Debug|x86
		{5BE1A123-2DA8-43B4-ADCF-1DF06590D556}.Debug|x86.Build.0 = Debug|x86
		{5BE1A123-2DA8-43B4-ADCF-1DF06590D556}.Release|Any CPU.ActiveCfg = Release|Any CPU
		{5BE1A123-2DA8-43B4-ADCF-1DF06590D556}.Release|Any CPU.Build.0 = Release|Any CPU
		{5BE1A123-2DA8-43B4-ADCF-1DF06590D556}.Release|ARM.ActiveCfg = Release|ARM
		{5BE1A123-2DA8-43B4-ADCF-1DF06590D556}.Release|ARM.Build.0 = Release|ARM
		{5BE1A123-2DA8-43B4-ADCF-1DF06590D556}.Release|x64.ActiveCfg = Release|x64
		{5BE1A123-2DA8-43B4-ADCF-1DF06590D556}.Release|x64.Build.0 = Release|x64
		{5BE1A123-2DA8-43B4-ADCF-1DF06590D556}.Release|x86.ActiveCfg = Release|x86
		{5BE1A123-2DA8-43B4-ADCF-1DF06590D556}.Release|x86.Build.0 = Release|x86
	EndGlobalSection
	GlobalSection(SolutionProperties) = preSolution
		HideSolutionNode = FALSE
	EndGlobalSection
EndGlobal
