
Microsoft Visual Studio Solution File, Format Version 12.00
# Visual Studio 14
VisualStudioVersion = 14.0.25420.1
MinimumVisualStudioVersion = 10.0.40219.1
Project("{FAE04EC0-301F-11D3-BF4B-00C04F79EFBC}") = "MagicMirror", "WPF Client\MagicMirror.csproj", "{3F318C00-AABF-4F55-95DD-C517AF1A2079}"
EndProject
Project("{2150E333-8FDC-42A3-9474-1A3956D46DE8}") = "Sensors", "Sensors", "{F2790241-871F-4253-AE91-CCB72833F14D}"
EndProject
Project("{2150E333-8FDC-42A3-9474-1A3956D46DE8}") = "Client", "Client", "{07388A59-6D3C-499A-AA1E-B679F7AD00D7}"
EndProject
Project("{FAE04EC0-301F-11D3-BF4B-00C04F79EFBC}") = "ABB.Sensors.Motion", "Sensors\Motion\ABB.Sensors.Motion.csproj", "{5451E666-CA8F-4CD9-AC41-168D6C66B6CA}"
EndProject
Project("{FAE04EC0-301F-11D3-BF4B-00C04F79EFBC}") = "ABB.Sensors.Distance", "Sensors\Distance\ABB.Sensors.Distance.csproj", "{361611F5-D58D-4C60-AF30-027E7E1D33C3}"
EndProject
Project("{2150E333-8FDC-42A3-9474-1A3956D46DE8}") = "Services", "Services", "{EE4BD4A1-E2F6-4361-ACAF-521DC798A4FE}"
EndProject
Project("{FAE04EC0-301F-11D3-BF4B-00C04F79EFBC}") = "MotionSensorService", "Services\MotionSensorService\MotionSensorService.csproj", "{24D18EA5-EDE3-4BEC-9648-D57A2A9098C1}"
EndProject
Project("{8BC9CEB8-8B4A-11D0-8D11-00A0C91BC942}") = "ABB.Sensors.Temperature", "Sensors\Temperature\ABB.Sensors.Temperature\TemperatureSensorService.vcxproj", "{23080B34-C32C-4D76-9DC3-820042284435}"
EndProject
Project("{FAE04EC0-301F-11D3-BF4B-00C04F79EFBC}") = "ABB.Sensors.TemperatureWrapper", "Sensors\Temperature\ABB.Sensors.TemperatureWrapper\ABB.Sensors.TemperatureWrapper.csproj", "{2E645A8B-FBFB-41DE-B0AD-E38F7F8CC44C}"
EndProject
Project("{FAE04EC0-301F-11D3-BF4B-00C04F79EFBC}") = "SensorDataForwarder", "SensorsDataForwarder\SensorDataForwarder.csproj", "{924D308A-99C4-49AE-8385-749927598A43}"
EndProject
Project("{FAE04EC0-301F-11D3-BF4B-00C04F79EFBC}") = "TemperatureHumidityService", "Services\TemperatureHumidityService\TemperatureHumidityService.csproj", "{B9A34DE5-C0B2-48E0-9D23-162F0E956900}"
EndProject
Project("{FAE04EC0-301F-11D3-BF4B-00C04F79EFBC}") = "DistanceSensorService", "DistanceSensorService\DistanceSensorService.csproj", "{65D7B4C9-BCFE-4D5E-902D-82F939EBC7EF}"
EndProject
Global
	GlobalSection(SolutionConfigurationPlatforms) = preSolution
		Debug|Any CPU = Debug|Any CPU
		Debug|ARM = Debug|ARM
		Debug|x64 = Debug|x64
		Debug|x86 = Debug|x86
		Release|Any CPU = Release|Any CPU
		Release|ARM = Release|ARM
		Release|x64 = Release|x64
		Release|x86 = Release|x86
	EndGlobalSection
	GlobalSection(ProjectConfigurationPlatforms) = postSolution
		{3F318C00-AABF-4F55-95DD-C517AF1A2079}.Debug|Any CPU.ActiveCfg = Debug|x86
		{3F318C00-AABF-4F55-95DD-C517AF1A2079}.Debug|Any CPU.Build.0 = Debug|x86
		{3F318C00-AABF-4F55-95DD-C517AF1A2079}.Debug|Any CPU.Deploy.0 = Debug|x86
		{3F318C00-AABF-4F55-95DD-C517AF1A2079}.Debug|ARM.ActiveCfg = Debug|ARM
		{3F318C00-AABF-4F55-95DD-C517AF1A2079}.Debug|ARM.Build.0 = Debug|ARM
		{3F318C00-AABF-4F55-95DD-C517AF1A2079}.Debug|ARM.Deploy.0 = Debug|ARM
		{3F318C00-AABF-4F55-95DD-C517AF1A2079}.Debug|x64.ActiveCfg = Debug|x64
		{3F318C00-AABF-4F55-95DD-C517AF1A2079}.Debug|x64.Build.0 = Debug|x64
		{3F318C00-AABF-4F55-95DD-C517AF1A2079}.Debug|x64.Deploy.0 = Debug|x64
		{3F318C00-AABF-4F55-95DD-C517AF1A2079}.Debug|x86.ActiveCfg = Debug|x86
		{3F318C00-AABF-4F55-95DD-C517AF1A2079}.Debug|x86.Build.0 = Debug|x86
		{3F318C00-AABF-4F55-95DD-C517AF1A2079}.Debug|x86.Deploy.0 = Debug|x86
		{3F318C00-AABF-4F55-95DD-C517AF1A2079}.Release|Any CPU.ActiveCfg = Release|x86
		{3F318C00-AABF-4F55-95DD-C517AF1A2079}.Release|ARM.ActiveCfg = Release|ARM
		{3F318C00-AABF-4F55-95DD-C517AF1A2079}.Release|ARM.Build.0 = Release|ARM
		{3F318C00-AABF-4F55-95DD-C517AF1A2079}.Release|ARM.Deploy.0 = Release|ARM
		{3F318C00-AABF-4F55-95DD-C517AF1A2079}.Release|x64.ActiveCfg = Release|x64
		{3F318C00-AABF-4F55-95DD-C517AF1A2079}.Release|x64.Build.0 = Release|x64
		{3F318C00-AABF-4F55-95DD-C517AF1A2079}.Release|x64.Deploy.0 = Release|x64
		{3F318C00-AABF-4F55-95DD-C517AF1A2079}.Release|x86.ActiveCfg = Release|x86
		{3F318C00-AABF-4F55-95DD-C517AF1A2079}.Release|x86.Build.0 = Release|x86
		{3F318C00-AABF-4F55-95DD-C517AF1A2079}.Release|x86.Deploy.0 = Release|x86
		{5451E666-CA8F-4CD9-AC41-168D6C66B6CA}.Debug|Any CPU.ActiveCfg = Debug|Any CPU
		{5451E666-CA8F-4CD9-AC41-168D6C66B6CA}.Debug|Any CPU.Build.0 = Debug|Any CPU
		{5451E666-CA8F-4CD9-AC41-168D6C66B6CA}.Debug|ARM.ActiveCfg = Debug|ARM
		{5451E666-CA8F-4CD9-AC41-168D6C66B6CA}.Debug|ARM.Build.0 = Debug|ARM
		{5451E666-CA8F-4CD9-AC41-168D6C66B6CA}.Debug|x64.ActiveCfg = Debug|x64
		{5451E666-CA8F-4CD9-AC41-168D6C66B6CA}.Debug|x64.Build.0 = Debug|x64
		{5451E666-CA8F-4CD9-AC41-168D6C66B6CA}.Debug|x86.ActiveCfg = Debug|x86
		{5451E666-CA8F-4CD9-AC41-168D6C66B6CA}.Debug|x86.Build.0 = Debug|x86
		{5451E666-CA8F-4CD9-AC41-168D6C66B6CA}.Release|Any CPU.ActiveCfg = Release|Any CPU
		{5451E666-CA8F-4CD9-AC41-168D6C66B6CA}.Release|Any CPU.Build.0 = Release|Any CPU
		{5451E666-CA8F-4CD9-AC41-168D6C66B6CA}.Release|ARM.ActiveCfg = Release|ARM
		{5451E666-CA8F-4CD9-AC41-168D6C66B6CA}.Release|ARM.Build.0 = Release|ARM
		{5451E666-CA8F-4CD9-AC41-168D6C66B6CA}.Release|x64.ActiveCfg = Release|x64
		{5451E666-CA8F-4CD9-AC41-168D6C66B6CA}.Release|x64.Build.0 = Release|x64
		{5451E666-CA8F-4CD9-AC41-168D6C66B6CA}.Release|x86.ActiveCfg = Release|x86
		{5451E666-CA8F-4CD9-AC41-168D6C66B6CA}.Release|x86.Build.0 = Release|x86
		{361611F5-D58D-4C60-AF30-027E7E1D33C3}.Debug|Any CPU.ActiveCfg = Debug|Any CPU
		{361611F5-D58D-4C60-AF30-027E7E1D33C3}.Debug|Any CPU.Build.0 = Debug|Any CPU
		{361611F5-D58D-4C60-AF30-027E7E1D33C3}.Debug|ARM.ActiveCfg = Debug|ARM
		{361611F5-D58D-4C60-AF30-027E7E1D33C3}.Debug|ARM.Build.0 = Debug|ARM
		{361611F5-D58D-4C60-AF30-027E7E1D33C3}.Debug|x64.ActiveCfg = Debug|x64
		{361611F5-D58D-4C60-AF30-027E7E1D33C3}.Debug|x64.Build.0 = Debug|x64
		{361611F5-D58D-4C60-AF30-027E7E1D33C3}.Debug|x86.ActiveCfg = Debug|x86
		{361611F5-D58D-4C60-AF30-027E7E1D33C3}.Debug|x86.Build.0 = Debug|x86
		{361611F5-D58D-4C60-AF30-027E7E1D33C3}.Release|Any CPU.ActiveCfg = Release|Any CPU
		{361611F5-D58D-4C60-AF30-027E7E1D33C3}.Release|Any CPU.Build.0 = Release|Any CPU
		{361611F5-D58D-4C60-AF30-027E7E1D33C3}.Release|ARM.ActiveCfg = Release|ARM
		{361611F5-D58D-4C60-AF30-027E7E1D33C3}.Release|ARM.Build.0 = Release|ARM
		{361611F5-D58D-4C60-AF30-027E7E1D33C3}.Release|x64.ActiveCfg = Release|x64
		{361611F5-D58D-4C60-AF30-027E7E1D33C3}.Release|x64.Build.0 = Release|x64
		{361611F5-D58D-4C60-AF30-027E7E1D33C3}.Release|x86.ActiveCfg = Release|x86
		{361611F5-D58D-4C60-AF30-027E7E1D33C3}.Release|x86.Build.0 = Release|x86
		{24D18EA5-EDE3-4BEC-9648-D57A2A9098C1}.Debug|Any CPU.ActiveCfg = Debug|x86
		{24D18EA5-EDE3-4BEC-9648-D57A2A9098C1}.Debug|ARM.ActiveCfg = Debug|ARM
		{24D18EA5-EDE3-4BEC-9648-D57A2A9098C1}.Debug|x64.ActiveCfg = Debug|x64
		{24D18EA5-EDE3-4BEC-9648-D57A2A9098C1}.Debug|x86.ActiveCfg = Debug|x86
		{24D18EA5-EDE3-4BEC-9648-D57A2A9098C1}.Release|Any CPU.ActiveCfg = Release|x86
		{24D18EA5-EDE3-4BEC-9648-D57A2A9098C1}.Release|ARM.ActiveCfg = Release|ARM
		{24D18EA5-EDE3-4BEC-9648-D57A2A9098C1}.Release|ARM.Build.0 = Release|ARM
		{24D18EA5-EDE3-4BEC-9648-D57A2A9098C1}.Release|ARM.Deploy.0 = Release|ARM
		{24D18EA5-EDE3-4BEC-9648-D57A2A9098C1}.Release|x64.ActiveCfg = Release|x64
		{24D18EA5-EDE3-4BEC-9648-D57A2A9098C1}.Release|x64.Build.0 = Release|x64
		{24D18EA5-EDE3-4BEC-9648-D57A2A9098C1}.Release|x64.Deploy.0 = Release|x64
		{24D18EA5-EDE3-4BEC-9648-D57A2A9098C1}.Release|x86.ActiveCfg = Release|x86
		{24D18EA5-EDE3-4BEC-9648-D57A2A9098C1}.Release|x86.Build.0 = Release|x86
		{24D18EA5-EDE3-4BEC-9648-D57A2A9098C1}.Release|x86.Deploy.0 = Release|x86
		{23080B34-C32C-4D76-9DC3-820042284435}.Debug|Any CPU.ActiveCfg = Debug|Win32
		{23080B34-C32C-4D76-9DC3-820042284435}.Debug|Any CPU.Build.0 = Debug|Win32
		{23080B34-C32C-4D76-9DC3-820042284435}.Debug|ARM.ActiveCfg = Debug|ARM
		{23080B34-C32C-4D76-9DC3-820042284435}.Debug|ARM.Build.0 = Debug|ARM
		{23080B34-C32C-4D76-9DC3-820042284435}.Debug|x64.ActiveCfg = Debug|x64
		{23080B34-C32C-4D76-9DC3-820042284435}.Debug|x64.Build.0 = Debug|x64
		{23080B34-C32C-4D76-9DC3-820042284435}.Debug|x86.ActiveCfg = Debug|Win32
		{23080B34-C32C-4D76-9DC3-820042284435}.Debug|x86.Build.0 = Debug|Win32
		{23080B34-C32C-4D76-9DC3-820042284435}.Release|Any CPU.ActiveCfg = Release|Win32
		{23080B34-C32C-4D76-9DC3-820042284435}.Release|ARM.ActiveCfg = Release|ARM
		{23080B34-C32C-4D76-9DC3-820042284435}.Release|ARM.Build.0 = Release|ARM
		{23080B34-C32C-4D76-9DC3-820042284435}.Release|x64.ActiveCfg = Release|x64
		{23080B34-C32C-4D76-9DC3-820042284435}.Release|x64.Build.0 = Release|x64
		{23080B34-C32C-4D76-9DC3-820042284435}.Release|x86.ActiveCfg = Release|Win32
		{23080B34-C32C-4D76-9DC3-820042284435}.Release|x86.Build.0 = Release|Win32
		{2E645A8B-FBFB-41DE-B0AD-E38F7F8CC44C}.Debug|Any CPU.ActiveCfg = Debug|Any CPU
		{2E645A8B-FBFB-41DE-B0AD-E38F7F8CC44C}.Debug|Any CPU.Build.0 = Debug|Any CPU
		{2E645A8B-FBFB-41DE-B0AD-E38F7F8CC44C}.Debug|ARM.ActiveCfg = Debug|ARM
		{2E645A8B-FBFB-41DE-B0AD-E38F7F8CC44C}.Debug|ARM.Build.0 = Debug|ARM
		{2E645A8B-FBFB-41DE-B0AD-E38F7F8CC44C}.Debug|x64.ActiveCfg = Debug|x64
		{2E645A8B-FBFB-41DE-B0AD-E38F7F8CC44C}.Debug|x64.Build.0 = Debug|x64
		{2E645A8B-FBFB-41DE-B0AD-E38F7F8CC44C}.Debug|x86.ActiveCfg = Debug|x86
		{2E645A8B-FBFB-41DE-B0AD-E38F7F8CC44C}.Debug|x86.Build.0 = Debug|x86
		{2E645A8B-FBFB-41DE-B0AD-E38F7F8CC44C}.Release|Any CPU.ActiveCfg = Release|Any CPU
		{2E645A8B-FBFB-41DE-B0AD-E38F7F8CC44C}.Release|Any CPU.Build.0 = Release|Any CPU
		{2E645A8B-FBFB-41DE-B0AD-E38F7F8CC44C}.Release|ARM.ActiveCfg = Release|ARM
		{2E645A8B-FBFB-41DE-B0AD-E38F7F8CC44C}.Release|ARM.Build.0 = Release|ARM
		{2E645A8B-FBFB-41DE-B0AD-E38F7F8CC44C}.Release|x64.ActiveCfg = Release|x64
		{2E645A8B-FBFB-41DE-B0AD-E38F7F8CC44C}.Release|x64.Build.0 = Release|x64
		{2E645A8B-FBFB-41DE-B0AD-E38F7F8CC44C}.Release|x86.ActiveCfg = Release|x86
		{2E645A8B-FBFB-41DE-B0AD-E38F7F8CC44C}.Release|x86.Build.0 = Release|x86
		{924D308A-99C4-49AE-8385-749927598A43}.Debug|Any CPU.ActiveCfg = Debug|Any CPU
		{924D308A-99C4-49AE-8385-749927598A43}.Debug|Any CPU.Build.0 = Debug|Any CPU
		{924D308A-99C4-49AE-8385-749927598A43}.Debug|ARM.ActiveCfg = Debug|ARM
		{924D308A-99C4-49AE-8385-749927598A43}.Debug|ARM.Build.0 = Debug|ARM
		{924D308A-99C4-49AE-8385-749927598A43}.Debug|x64.ActiveCfg = Debug|x64
		{924D308A-99C4-49AE-8385-749927598A43}.Debug|x64.Build.0 = Debug|x64
		{924D308A-99C4-49AE-8385-749927598A43}.Debug|x86.ActiveCfg = Debug|x86
		{924D308A-99C4-49AE-8385-749927598A43}.Debug|x86.Build.0 = Debug|x86
		{924D308A-99C4-49AE-8385-749927598A43}.Release|Any CPU.ActiveCfg = Release|Any CPU
		{924D308A-99C4-49AE-8385-749927598A43}.Release|Any CPU.Build.0 = Release|Any CPU
		{924D308A-99C4-49AE-8385-749927598A43}.Release|ARM.ActiveCfg = Release|ARM
		{924D308A-99C4-49AE-8385-749927598A43}.Release|ARM.Build.0 = Release|ARM
		{924D308A-99C4-49AE-8385-749927598A43}.Release|x64.ActiveCfg = Release|x64
		{924D308A-99C4-49AE-8385-749927598A43}.Release|x64.Build.0 = Release|x64
		{924D308A-99C4-49AE-8385-749927598A43}.Release|x86.ActiveCfg = Release|x86
		{924D308A-99C4-49AE-8385-749927598A43}.Release|x86.Build.0 = Release|x86
		{B9A34DE5-C0B2-48E0-9D23-162F0E956900}.Debug|Any CPU.ActiveCfg = Debug|x86
		{B9A34DE5-C0B2-48E0-9D23-162F0E956900}.Debug|ARM.ActiveCfg = Debug|ARM
		{B9A34DE5-C0B2-48E0-9D23-162F0E956900}.Debug|ARM.Build.0 = Debug|ARM
		{B9A34DE5-C0B2-48E0-9D23-162F0E956900}.Debug|ARM.Deploy.0 = Debug|ARM
		{B9A34DE5-C0B2-48E0-9D23-162F0E956900}.Debug|x64.ActiveCfg = Debug|x64
		{B9A34DE5-C0B2-48E0-9D23-162F0E956900}.Debug|x64.Build.0 = Debug|x64
		{B9A34DE5-C0B2-48E0-9D23-162F0E956900}.Debug|x64.Deploy.0 = Debug|x64
		{B9A34DE5-C0B2-48E0-9D23-162F0E956900}.Debug|x86.ActiveCfg = Debug|x86
		{B9A34DE5-C0B2-48E0-9D23-162F0E956900}.Debug|x86.Build.0 = Debug|x86
		{B9A34DE5-C0B2-48E0-9D23-162F0E956900}.Debug|x86.Deploy.0 = Debug|x86
		{B9A34DE5-C0B2-48E0-9D23-162F0E956900}.Release|Any CPU.ActiveCfg = Release|x86
		{B9A34DE5-C0B2-48E0-9D23-162F0E956900}.Release|ARM.ActiveCfg = Release|ARM
		{B9A34DE5-C0B2-48E0-9D23-162F0E956900}.Release|ARM.Build.0 = Release|ARM
		{B9A34DE5-C0B2-48E0-9D23-162F0E956900}.Release|ARM.Deploy.0 = Release|ARM
		{B9A34DE5-C0B2-48E0-9D23-162F0E956900}.Release|x64.ActiveCfg = Release|x64
		{B9A34DE5-C0B2-48E0-9D23-162F0E956900}.Release|x64.Build.0 = Release|x64
		{B9A34DE5-C0B2-48E0-9D23-162F0E956900}.Release|x64.Deploy.0 = Release|x64
		{B9A34DE5-C0B2-48E0-9D23-162F0E956900}.Release|x86.ActiveCfg = Release|x86
		{B9A34DE5-C0B2-48E0-9D23-162F0E956900}.Release|x86.Build.0 = Release|x86
		{B9A34DE5-C0B2-48E0-9D23-162F0E956900}.Release|x86.Deploy.0 = Release|x86
		{65D7B4C9-BCFE-4D5E-902D-82F939EBC7EF}.Debug|Any CPU.ActiveCfg = Debug|x86
		{65D7B4C9-BCFE-4D5E-902D-82F939EBC7EF}.Debug|ARM.ActiveCfg = Debug|ARM
		{65D7B4C9-BCFE-4D5E-902D-82F939EBC7EF}.Debug|ARM.Build.0 = Debug|ARM
		{65D7B4C9-BCFE-4D5E-902D-82F939EBC7EF}.Debug|ARM.Deploy.0 = Debug|ARM
		{65D7B4C9-BCFE-4D5E-902D-82F939EBC7EF}.Debug|x64.ActiveCfg = Debug|x64
		{65D7B4C9-BCFE-4D5E-902D-82F939EBC7EF}.Debug|x64.Build.0 = Debug|x64
		{65D7B4C9-BCFE-4D5E-902D-82F939EBC7EF}.Debug|x64.Deploy.0 = Debug|x64
		{65D7B4C9-BCFE-4D5E-902D-82F939EBC7EF}.Debug|x86.ActiveCfg = Debug|x86
		{65D7B4C9-BCFE-4D5E-902D-82F939EBC7EF}.Debug|x86.Build.0 = Debug|x86
		{65D7B4C9-BCFE-4D5E-902D-82F939EBC7EF}.Debug|x86.Deploy.0 = Debug|x86
		{65D7B4C9-BCFE-4D5E-902D-82F939EBC7EF}.Release|Any CPU.ActiveCfg = Release|x86
		{65D7B4C9-BCFE-4D5E-902D-82F939EBC7EF}.Release|ARM.ActiveCfg = Release|ARM
		{65D7B4C9-BCFE-4D5E-902D-82F939EBC7EF}.Release|ARM.Build.0 = Release|ARM
		{65D7B4C9-BCFE-4D5E-902D-82F939EBC7EF}.Release|ARM.Deploy.0 = Release|ARM
		{65D7B4C9-BCFE-4D5E-902D-82F939EBC7EF}.Release|x64.ActiveCfg = Release|x64
		{65D7B4C9-BCFE-4D5E-902D-82F939EBC7EF}.Release|x64.Build.0 = Release|x64
		{65D7B4C9-BCFE-4D5E-902D-82F939EBC7EF}.Release|x64.Deploy.0 = Release|x64
		{65D7B4C9-BCFE-4D5E-902D-82F939EBC7EF}.Release|x86.ActiveCfg = Release|x86
		{65D7B4C9-BCFE-4D5E-902D-82F939EBC7EF}.Release|x86.Build.0 = Release|x86
		{65D7B4C9-BCFE-4D5E-902D-82F939EBC7EF}.Release|x86.Deploy.0 = Release|x86
	EndGlobalSection
	GlobalSection(SolutionProperties) = preSolution
		HideSolutionNode = FALSE
	EndGlobalSection
	GlobalSection(NestedProjects) = preSolution
		{3F318C00-AABF-4F55-95DD-C517AF1A2079} = {07388A59-6D3C-499A-AA1E-B679F7AD00D7}
		{5451E666-CA8F-4CD9-AC41-168D6C66B6CA} = {F2790241-871F-4253-AE91-CCB72833F14D}
		{361611F5-D58D-4C60-AF30-027E7E1D33C3} = {F2790241-871F-4253-AE91-CCB72833F14D}
		{24D18EA5-EDE3-4BEC-9648-D57A2A9098C1} = {EE4BD4A1-E2F6-4361-ACAF-521DC798A4FE}
		{23080B34-C32C-4D76-9DC3-820042284435} = {F2790241-871F-4253-AE91-CCB72833F14D}
		{2E645A8B-FBFB-41DE-B0AD-E38F7F8CC44C} = {F2790241-871F-4253-AE91-CCB72833F14D}
		{B9A34DE5-C0B2-48E0-9D23-162F0E956900} = {EE4BD4A1-E2F6-4361-ACAF-521DC798A4FE}
		{65D7B4C9-BCFE-4D5E-902D-82F939EBC7EF} = {EE4BD4A1-E2F6-4361-ACAF-521DC798A4FE}
	EndGlobalSection
EndGlobal
